// !$*UTF8*$!
{
	archiveVersion = 1;
	classes = {
	};
	objectVersion = 46;
	objects = {

/* Begin PBXBuildFile section */
		86052D511C79FE9800263C21 /* Zone.swift in Sources */ = {isa = PBXBuildFile; fileRef = 86052D501C79FE9800263C21 /* Zone.swift */; };
		8663F3F91C78AC010075048E /* AppDelegate.swift in Sources */ = {isa = PBXBuildFile; fileRef = 8663F3F81C78AC010075048E /* AppDelegate.swift */; };
		8663F3FB1C78AC010075048E /* ViewController.swift in Sources */ = {isa = PBXBuildFile; fileRef = 8663F3FA1C78AC010075048E /* ViewController.swift */; };
		8663F3FE1C78AC010075048E /* Main.storyboard in Resources */ = {isa = PBXBuildFile; fileRef = 8663F3FC1C78AC010075048E /* Main.storyboard */; };
		8663F4001C78AC010075048E /* Assets.xcassets in Resources */ = {isa = PBXBuildFile; fileRef = 8663F3FF1C78AC010075048E /* Assets.xcassets */; };
		8663F4031C78AC010075048E /* LaunchScreen.storyboard in Resources */ = {isa = PBXBuildFile; fileRef = 8663F4011C78AC010075048E /* LaunchScreen.storyboard */; };
		8663F40C1C78AE3B0075048E /* ProjectTableViewCell.swift in Sources */ = {isa = PBXBuildFile; fileRef = 8663F40B1C78AE3B0075048E /* ProjectTableViewCell.swift */; };
		8663F4111C78C1150075048E /* FlattenProject.swift in Sources */ = {isa = PBXBuildFile; fileRef = 8663F4101C78C1150075048E /* FlattenProject.swift */; };
		8663F4131C78C16C0075048E /* Project.swift in Sources */ = {isa = PBXBuildFile; fileRef = 8663F4121C78C16C0075048E /* Project.swift */; };
		8663F4151C78C4000075048E /* Level.swift in Sources */ = {isa = PBXBuildFile; fileRef = 8663F4141C78C4000075048E /* Level.swift */; };
		8663F4181C798D530075048E /* RestServiceBase.swift in Sources */ = {isa = PBXBuildFile; fileRef = 8663F4171C798D530075048E /* RestServiceBase.swift */; };
		8663F41B1C798E2F0075048E /* SwiftyJSON.swift in Sources */ = {isa = PBXBuildFile; fileRef = 8663F41A1C798E2F0075048E /* SwiftyJSON.swift */; };
		8663F41E1C798F430075048E /* ProjectsService.swift in Sources */ = {isa = PBXBuildFile; fileRef = 8663F41D1C798F430075048E /* ProjectsService.swift */; };
		8663F4201C79924D0075048E /* Config.swift in Sources */ = {isa = PBXBuildFile; fileRef = 8663F41F1C79924D0075048E /* Config.swift */; };
		8663F4221C79F0180075048E /* AlertUtility.swift in Sources */ = {isa = PBXBuildFile; fileRef = 8663F4211C79F0180075048E /* AlertUtility.swift */; };
/* End PBXBuildFile section */

/* Begin PBXFileReference section */
		86052D501C79FE9800263C21 /* Zone.swift */ = {isa = PBXFileReference; fileEncoding = 4; lastKnownFileType = sourcecode.swift; path = Zone.swift; sourceTree = "<group>"; };
		8663F3F51C78AC010075048E /* tableview-demo.app */ = {isa = PBXFileReference; explicitFileType = wrapper.application; includeInIndex = 0; path = "tableview-demo.app"; sourceTree = BUILT_PRODUCTS_DIR; };
		8663F3F81C78AC010075048E /* AppDelegate.swift */ = {isa = PBXFileReference; lastKnownFileType = sourcecode.swift; path = AppDelegate.swift; sourceTree = "<group>"; };
		8663F3FA1C78AC010075048E /* ViewController.swift */ = {isa = PBXFileReference; lastKnownFileType = sourcecode.swift; path = ViewController.swift; sourceTree = "<group>"; };
		8663F3FD1C78AC010075048E /* Base */ = {isa = PBXFileReference; lastKnownFileType = file.storyboard; name = Base; path = Base.lproj/Main.storyboard; sourceTree = "<group>"; };
		8663F3FF1C78AC010075048E /* Assets.xcassets */ = {isa = PBXFileReference; lastKnownFileType = folder.assetcatalog; path = Assets.xcassets; sourceTree = "<group>"; };
		8663F4021C78AC010075048E /* Base */ = {isa = PBXFileReference; lastKnownFileType = file.storyboard; name = Base; path = Base.lproj/LaunchScreen.storyboard; sourceTree = "<group>"; };
		8663F4041C78AC010075048E /* Info.plist */ = {isa = PBXFileReference; lastKnownFileType = text.plist.xml; path = Info.plist; sourceTree = "<group>"; };
		8663F40B1C78AE3B0075048E /* ProjectTableViewCell.swift */ = {isa = PBXFileReference; fileEncoding = 4; lastKnownFileType = sourcecode.swift; path = ProjectTableViewCell.swift; sourceTree = "<group>"; };
		8663F4101C78C1150075048E /* FlattenProject.swift */ = {isa = PBXFileReference; fileEncoding = 4; lastKnownFileType = sourcecode.swift; path = FlattenProject.swift; sourceTree = "<group>"; };
		8663F4121C78C16C0075048E /* Project.swift */ = {isa = PBXFileReference; fileEncoding = 4; lastKnownFileType = sourcecode.swift; path = Project.swift; sourceTree = "<group>"; };
		8663F4141C78C4000075048E /* Level.swift */ = {isa = PBXFileReference; fileEncoding = 4; lastKnownFileType = sourcecode.swift; path = Level.swift; sourceTree = "<group>"; };
		8663F4171C798D530075048E /* RestServiceBase.swift */ = {isa = PBXFileReference; fileEncoding = 4; lastKnownFileType = sourcecode.swift; path = RestServiceBase.swift; sourceTree = "<group>"; };
		8663F41A1C798E2F0075048E /* SwiftyJSON.swift */ = {isa = PBXFileReference; fileEncoding = 4; lastKnownFileType = sourcecode.swift; path = SwiftyJSON.swift; sourceTree = "<group>"; };
		8663F41D1C798F430075048E /* ProjectsService.swift */ = {isa = PBXFileReference; fileEncoding = 4; lastKnownFileType = sourcecode.swift; path = ProjectsService.swift; sourceTree = "<group>"; };
		8663F41F1C79924D0075048E /* Config.swift */ = {isa = PBXFileReference; fileEncoding = 4; lastKnownFileType = sourcecode.swift; path = Config.swift; sourceTree = "<group>"; };
		8663F4211C79F0180075048E /* AlertUtility.swift */ = {isa = PBXFileReference; fileEncoding = 4; lastKnownFileType = sourcecode.swift; path = AlertUtility.swift; sourceTree = "<group>"; };
/* End PBXFileReference section */

/* Begin PBXFrameworksBuildPhase section */
		8663F3F21C78AC010075048E /* Frameworks */ = {
			isa = PBXFrameworksBuildPhase;
			buildActionMask = 2147483647;
			files = (
			);
			runOnlyForDeploymentPostprocessing = 0;
		};
/* End PBXFrameworksBuildPhase section */

/* Begin PBXGroup section */
		8663F3EC1C78AC010075048E = {
			isa = PBXGroup;
			children = (
				8663F3F71C78AC010075048E /* tableview-demo */,
				8663F3F61C78AC010075048E /* Products */,
			);
			sourceTree = "<group>";
		};
		8663F3F61C78AC010075048E /* Products */ = {
			isa = PBXGroup;
			children = (
				8663F3F51C78AC010075048E /* tableview-demo.app */,
			);
			name = Products;
			sourceTree = "<group>";
		};
		8663F3F71C78AC010075048E /* tableview-demo */ = {
			isa = PBXGroup;
			children = (
				8663F41C1C798F340075048E /* Services */,
				8663F4191C798DF90075048E /* lib */,
				8663F4161C798CE60075048E /* Infrstructure */,
				8663F40F1C78C0E20075048E /* Models */,
				8663F40A1C78AE240075048E /* TableViewCells */,
				8663F3F81C78AC010075048E /* AppDelegate.swift */,
				8663F3FA1C78AC010075048E /* ViewController.swift */,
				8663F3FC1C78AC010075048E /* Main.storyboard */,
				8663F3FF1C78AC010075048E /* Assets.xcassets */,
				8663F4011C78AC010075048E /* LaunchScreen.storyboard */,
				8663F4041C78AC010075048E /* Info.plist */,
				8663F41F1C79924D0075048E /* Config.swift */,
			);
			path = "tableview-demo";
			sourceTree = "<group>";
		};
		8663F40A1C78AE240075048E /* TableViewCells */ = {
			isa = PBXGroup;
			children = (
				8663F40B1C78AE3B0075048E /* ProjectTableViewCell.swift */,
			);
			name = TableViewCells;
			sourceTree = "<group>";
		};
		8663F40F1C78C0E20075048E /* Models */ = {
			isa = PBXGroup;
			children = (
				8663F4101C78C1150075048E /* FlattenProject.swift */,
				8663F4121C78C16C0075048E /* Project.swift */,
				8663F4141C78C4000075048E /* Level.swift */,
				86052D501C79FE9800263C21 /* Zone.swift */,
			);
			name = Models;
			sourceTree = "<group>";
		};
		8663F4161C798CE60075048E /* Infrstructure */ = {
			isa = PBXGroup;
			children = (
				8663F4171C798D530075048E /* RestServiceBase.swift */,
				8663F4211C79F0180075048E /* AlertUtility.swift */,
			);
			name = Infrstructure;
			sourceTree = "<group>";
		};
		8663F4191C798DF90075048E /* lib */ = {
			isa = PBXGroup;
			children = (
				8663F41A1C798E2F0075048E /* SwiftyJSON.swift */,
			);
			name = lib;
			sourceTree = "<group>";
		};
		8663F41C1C798F340075048E /* Services */ = {
			isa = PBXGroup;
			children = (
				8663F41D1C798F430075048E /* ProjectsService.swift */,
			);
			name = Services;
			sourceTree = "<group>";
		};
/* End PBXGroup section */

/* Begin PBXNativeTarget section */
		8663F3F41C78AC010075048E /* tableview-demo */ = {
			isa = PBXNativeTarget;
			buildConfigurationList = 8663F4071C78AC010075048E /* Build configuration list for PBXNativeTarget "tableview-demo" */;
			buildPhases = (
				8663F3F11C78AC010075048E /* Sources */,
				8663F3F21C78AC010075048E /* Frameworks */,
				8663F3F31C78AC010075048E /* Resources */,
			);
			buildRules = (
			);
			dependencies = (
			);
			name = "tableview-demo";
			productName = "tableview-demo";
			productReference = 8663F3F51C78AC010075048E /* tableview-demo.app */;
			productType = "com.apple.product-type.application";
		};
/* End PBXNativeTarget section */

/* Begin PBXProject section */
		8663F3ED1C78AC010075048E /* Project object */ = {
			isa = PBXProject;
			attributes = {
				LastSwiftUpdateCheck = 0720;
				LastUpgradeCheck = 0720;
				ORGANIZATIONNAME = saintc0d3r;
				TargetAttributes = {
					8663F3F41C78AC010075048E = {
						CreatedOnToolsVersion = 7.2;
					};
				};
			};
			buildConfigurationList = 8663F3F01C78AC010075048E /* Build configuration list for PBXProject "tableview-demo" */;
			compatibilityVersion = "Xcode 3.2";
			developmentRegion = English;
			hasScannedForEncodings = 0;
			knownRegions = (
				en,
				Base,
			);
			mainGroup = 8663F3EC1C78AC010075048E;
			productRefGroup = 8663F3F61C78AC010075048E /* Products */;
			projectDirPath = "";
			projectRoot = "";
			targets = (
				8663F3F41C78AC010075048E /* tableview-demo */,
			);
		};
/* End PBXProject section */

/* Begin PBXResourcesBuildPhase section */
		8663F3F31C78AC010075048E /* Resources */ = {
			isa = PBXResourcesBuildPhase;
			buildActionMask = 2147483647;
			files = (
				8663F4031C78AC010075048E /* LaunchScreen.storyboard in Resources */,
				8663F4001C78AC010075048E /* Assets.xcassets in Resources */,
				8663F3FE1C78AC010075048E /* Main.storyboard in Resources */,
			);
			runOnlyForDeploymentPostprocessing = 0;
		};
/* End PBXResourcesBuildPhase section */

/* Begin PBXSourcesBuildPhase section */
		8663F3F11C78AC010075048E /* Sources */ = {
			isa = PBXSourcesBuildPhase;
			buildActionMask = 2147483647;
			files = (
				8663F3FB1C78AC010075048E /* ViewController.swift in Sources */,
				8663F4221C79F0180075048E /* AlertUtility.swift in Sources */,
				8663F41E1C798F430075048E /* ProjectsService.swift in Sources */,
				8663F4151C78C4000075048E /* Level.swift in Sources */,
				8663F4181C798D530075048E /* RestServiceBase.swift in Sources */,
				8663F4201C79924D0075048E /* Config.swift in Sources */,
				8663F40C1C78AE3B0075048E /* ProjectTableViewCell.swift in Sources */,
				8663F4111C78C1150075048E /* FlattenProject.swift in Sources */,
				8663F41B1C798E2F0075048E /* SwiftyJSON.swift in Sources */,
				8663F3F91C78AC010075048E /* AppDelegate.swift in Sources */,
				8663F4131C78C16C0075048E /* Project.swift in Sources */,
				86052D511C79FE9800263C21 /* Zone.swift in Sources */,
			);
			runOnlyForDeploymentPostprocessing = 0;
		};
/* End PBXSourcesBuildPhase section */

/* Begin PBXVariantGroup section */
		8663F3FC1C78AC010075048E /* Main.storyboard */ = {
			isa = PBXVariantGroup;
			children = (
				8663F3FD1C78AC010075048E /* Base */,
			);
			name = Main.storyboard;
			sourceTree = "<group>";
		};
		8663F4011C78AC010075048E /* LaunchScreen.storyboard */ = {
			isa = PBXVariantGroup;
			children = (
				8663F4021C78AC010075048E /* Base */,
			);
			name = LaunchScreen.storyboard;
			sourceTree = "<group>";
		};
/* End PBXVariantGroup section */

/* Begin XCBuildConfiguration section */
		8663F4051C78AC010075048E /* Debug */ = {
			isa = XCBuildConfiguration;
			buildSettings = {
				ALWAYS_SEARCH_USER_PATHS = NO;
				CLANG_CXX_LANGUAGE_STANDARD = "gnu++0x";
				CLANG_CXX_LIBRARY = "libc++";
				CLANG_ENABLE_MODULES = YES;
				CLANG_ENABLE_OBJC_ARC = YES;
				CLANG_WARN_BOOL_CONVERSION = YES;
				CLANG_WARN_CONSTANT_CONVERSION = YES;
				CLANG_WARN_DIRECT_OBJC_ISA_USAGE = YES_ERROR;
				CLANG_WARN_EMPTY_BODY = YES;
				CLANG_WARN_ENUM_CONVERSION = YES;
				CLANG_WARN_INT_CONVERSION = YES;
				CLANG_WARN_OBJC_ROOT_CLASS = YES_ERROR;
				CLANG_WARN_UNREACHABLE_CODE = YES;
				CLANG_WARN__DUPLICATE_METHOD_MATCH = YES;
				"CODE_SIGN_IDENTITY[sdk=iphoneos*]" = "iPhone Developer";
				COPY_PHASE_STRIP = NO;
				DEBUG_INFORMATION_FORMAT = dwarf;
				ENABLE_STRICT_OBJC_MSGSEND = YES;
				ENABLE_TESTABILITY = YES;
				GCC_C_LANGUAGE_STANDARD = gnu99;
				GCC_DYNAMIC_NO_PIC = NO;
				GCC_NO_COMMON_BLOCKS = YES;
				GCC_OPTIMIZATION_LEVEL = 0;
				GCC_PREPROCESSOR_DEFINITIONS = (
					"DEBUG=1",
					"$(inherited)",
				);
				GCC_WARN_64_TO_32_BIT_CONVERSION = YES;
				GCC_WARN_ABOUT_RETURN_TYPE = YES_ERROR;
				GCC_WARN_UNDECLARED_SELECTOR = YES;
				GCC_WARN_UNINITIALIZED_AUTOS = YES_AGGRESSIVE;
				GCC_WARN_UNUSED_FUNCTION = YES;
				GCC_WARN_UNUSED_VARIABLE = YES;
				IPHONEOS_DEPLOYMENT_TARGET = 9.2;
				MTL_ENABLE_DEBUG_INFO = YES;
				ONLY_ACTIVE_ARCH = YES;
				SDKROOT = iphoneos;
				SWIFT_OPTIMIZATION_LEVEL = "-Onone";
				TARGETED_DEVICE_FAMILY = 2;
			};
			name = Debug;
		};
		8663F4061C78AC010075048E /* Release */ = {
			isa = XCBuildConfiguration;
			buildSettings = {
				ALWAYS_SEARCH_USER_PATHS = NO;
				CLANG_CXX_LANGUAGE_STANDARD = "gnu++0x";
				CLANG_CXX_LIBRARY = "libc++";
				CLANG_ENABLE_MODULES = YES;
				CLANG_ENABLE_OBJC_ARC = YES;
				CLANG_WARN_BOOL_CONVERSION = YES;
				CLANG_WARN_CONSTANT_CONVERSION = YES;
				CLANG_WARN_DIRECT_OBJC_ISA_USAGE = YES_ERROR;
				CLANG_WARN_EMPTY_BODY = YES;
				CLANG_WARN_ENUM_CONVERSION = YES;
				CLANG_WARN_INT_CONVERSION = YES;
				CLANG_WARN_OBJC_ROOT_CLASS = YES_ERROR;
				CLANG_WARN_UNREACHABLE_CODE = YES;
				CLANG_WARN__DUPLICATE_METHOD_MATCH = YES;
				"CODE_SIGN_IDENTITY[sdk=iphoneos*]" = "iPhone Developer";
				COPY_PHASE_STRIP = NO;
				DEBUG_INFORMATION_FORMAT = "dwarf-with-dsym";
				ENABLE_NS_ASSERTIONS = NO;
				ENABLE_STRICT_OBJC_MSGSEND = YES;
				GCC_C_LANGUAGE_STANDARD = gnu99;
				GCC_NO_COMMON_BLOCKS = YES;
				GCC_WARN_64_TO_32_BIT_CONVERSION = YES;
				GCC_WARN_ABOUT_RETURN_TYPE = YES_ERROR;
				GCC_WARN_UNDECLARED_SELECTOR = YES;
				GCC_WARN_UNINITIALIZED_AUTOS = YES_AGGRESSIVE;
				GCC_WARN_UNUSED_FUNCTION = YES;
				GCC_WARN_UNUSED_VARIABLE = YES;
				IPHONEOS_DEPLOYMENT_TARGET = 9.2;
				MTL_ENABLE_DEBUG_INFO = NO;
				SDKROOT = iphoneos;
				TARGETED_DEVICE_FAMILY = 2;
				VALIDATE_PRODUCT = YES;
			};
			name = Release;
		};
		8663F4081C78AC010075048E /* Debug */ = {
			isa = XCBuildConfiguration;
			buildSettings = {
				ASSETCATALOG_COMPILER_APPICON_NAME = AppIcon;
				INFOPLIST_FILE = "tableview-demo/Info.plist";
				LD_RUNPATH_SEARCH_PATHS = "$(inherited) @executable_path/Frameworks";
				PRODUCT_BUNDLE_IDENTIFIER = "com.saintc0d3r.samples.tableview.tableview-demo";
				PRODUCT_NAME = "$(TARGET_NAME)";
				TARGETED_DEVICE_FAMILY = "1,2";
			};
			name = Debug;
		};
		8663F4091C78AC010075048E /* Release */ = {
			isa = XCBuildConfiguration;
			buildSettings = {
				ASSETCATALOG_COMPILER_APPICON_NAME = AppIcon;
				INFOPLIST_FILE = "tableview-demo/Info.plist";
				LD_RUNPATH_SEARCH_PATHS = "$(inherited) @executable_path/Frameworks";
				PRODUCT_BUNDLE_IDENTIFIER = "com.saintc0d3r.samples.tableview.tableview-demo";
				PRODUCT_NAME = "$(TARGET_NAME)";
				TARGETED_DEVICE_FAMILY = "1,2";
			};
			name = Release;
		};
/* End XCBuildConfiguration section */

/* Begin XCConfigurationList section */
		8663F3F01C78AC010075048E /* Build configuration list for PBXProject "tableview-demo" */ = {
			isa = XCConfigurationList;
			buildConfigurations = (
				8663F4051C78AC010075048E /* Debug */,
				8663F4061C78AC010075048E /* Release */,
			);
			defaultConfigurationIsVisible = 0;
			defaultConfigurationName = Release;
		};
		8663F4071C78AC010075048E /* Build configuration list for PBXNativeTarget "tableview-demo" */ = {
			isa = XCConfigurationList;
			buildConfigurations = (
				8663F4081C78AC010075048E /* Debug */,
				8663F4091C78AC010075048E /* Release */,
			);
			defaultConfigurationIsVisible = 0;
			defaultConfigurationName = Release;
		};
/* End XCConfigurationList section */
	};
	rootObject = 8663F3ED1C78AC010075048E /* Project object */;
}
